
Microsoft Visual Studio Solution File, Format Version 12.00
# Visual Studio Version 17
VisualStudioVersion = 17.8.34322.80
MinimumVisualStudioVersion = 10.0.40219.1
Project("{9A19103F-16F7-4668-BE54-9A1E7A4F7556}") = "C#", "C#.csproj", "{7C50DEB3-D675-4203-A48D-6FE45A2BF157}"
EndProject
Global
	GlobalSection(SolutionConfigurationPlatforms) = preSolution
		Debug|Any CPU = Debug|Any CPU
		Release|Any CPU = Release|Any CPU
	EndGlobalSection
	GlobalSection(ProjectConfigurationPlatforms) = postSolution
		{7C50DEB3-D675-4203-A48D-6FE45A2BF157}.Debug|Any CPU.ActiveCfg = Debug|Any CPU
		{7C50DEB3-D675-4203-A48D-6FE45A2BF157}.Debug|Any CPU.Build.0 = Debug|Any CPU
		{7C50DEB3-D675-4203-A48D-6FE45A2BF157}.Release|Any CPU.ActiveCfg = Release|Any CPU
		{7C50DEB3-D675-4203-A48D-6FE45A2BF157}.Release|Any CPU.Build.0 = Release|Any CPU
	EndGlobalSection
	GlobalSection(SolutionProperties) = preSolution
		HideSolutionNode = FALSE
	EndGlobalSection
	GlobalSection(ExtensibilityGlobals) = postSolution
		SolutionGuid = {7DAA8D0A-6B49-43A4-A3EE-1C9708E75F34}
	EndGlobalSection
EndGlobal
